# THIS IS AN AUTOGENERATED FILE. DO NOT EDIT THIS FILE DIRECTLY.
# yarn lockfile v1


koan-sass@^1.0.4:
  version "1.0.4"
  resolved "https://registry.yarnpkg.com/koan-sass/-/koan-sass-1.0.4.tgz#d3b41f386037e7e9b974029a2b73316b11406dc2"
  integrity sha512-gx1S2R+NP//4GACQt5kBKVC+GNgr55L22xXYJoD34CiVjUPsi4yapkrajJvtnTclKDnSMM5yIr4nMyKBeZUJgg==
